
Microsoft Visual Studio Solution File, Format Version 12.00
# Visual Studio Version 17
VisualStudioVersion = 17.3.32811.315
MinimumVisualStudioVersion = 10.0.40219.1
Project("{9A19103F-16F7-4668-BE54-9A1E7A4F7556}") = "TrueTooltips", "TrueTooltips.csproj", "{8B5C1925-9A62-4632-90AA-A2C82101120A}"
EndProject
Global
	GlobalSection(SolutionConfigurationPlatforms) = preSolution
		Debug|Any CPU = Debug|Any CPU
		Release|Any CPU = Release|Any CPU
	EndGlobalSection
	GlobalSection(ProjectConfigurationPlatforms) = postSolution
		{8B5C1925-9A62-4632-90AA-A2C82101120A}.Debug|Any CPU.ActiveCfg = Debug|Any CPU
		{8B5C1925-9A62-4632-90AA-A2C82101120A}.Debug|Any CPU.Build.0 = Debug|Any CPU
		{8B5C1925-9A62-4632-90AA-A2C82101120A}.Release|Any CPU.ActiveCfg = Release|Any CPU
		{8B5C1925-9A62-4632-90AA-A2C82101120A}.Release|Any CPU.Build.0 = Release|Any CPU
	EndGlobalSection
	GlobalSection(SolutionProperties) = preSolution
		HideSolutionNode = FALSE
	EndGlobalSection
	GlobalSection(ExtensibilityGlobals) = postSolution
		SolutionGuid = {23516BB7-1067-4981-88E8-BA729E9923F6}
	EndGlobalSection
EndGlobal
